
Microsoft Visual Studio Solution File, Format Version 12.00
# Visual Studio Version 17
VisualStudioVersion = 17.10.35013.160
MinimumVisualStudioVersion = 10.0.40219.1
Project("{FAE04EC0-301F-11D3-BF4B-00C04F79EFBC}") = "printingcheque1aa", "printingcheque1aa\printingcheque1aa.csproj", "{A78A1AEE-CC0C-4F4B-AD13-F021D9E9A9CD}"
EndProject
Global
	GlobalSection(SolutionConfigurationPlatforms) = preSolution
		Debug|Any CPU = Debug|Any CPU
		Release|Any CPU = Release|Any CPU
	EndGlobalSection
	GlobalSection(ProjectConfigurationPlatforms) = postSolution
		{A78A1AEE-CC0C-4F4B-AD13-F021D9E9A9CD}.Debug|Any CPU.ActiveCfg = Debug|Any CPU
		{A78A1AEE-CC0C-4F4B-AD13-F021D9E9A9CD}.Debug|Any CPU.Build.0 = Debug|Any CPU
		{A78A1AEE-CC0C-4F4B-AD13-F021D9E9A9CD}.Release|Any CPU.ActiveCfg = Release|Any CPU
		{A78A1AEE-CC0C-4F4B-AD13-F021D9E9A9CD}.Release|Any CPU.Build.0 = Release|Any CPU
	EndGlobalSection
	GlobalSection(SolutionProperties) = preSolution
		HideSolutionNode = FALSE
	EndGlobalSection
	GlobalSection(ExtensibilityGlobals) = postSolution
		SolutionGuid = {2E106BC6-89D5-4563-B8CD-492CC6073F77}
	EndGlobalSection
EndGlobal
